
Microsoft Visual Studio Solution File, Format Version 12.00
# Visual Studio Version 16
VisualStudioVersion = 16.0.30413.136
MinimumVisualStudioVersion = 10.0.40219.1
Project("{FAE04EC0-301F-11D3-BF4B-00C04F79EFBC}") = "MIS4200", "MIS4200.csproj", "{B8092B23-9DA4-40DD-8831-4D942442C782}"
EndProject
Global
	GlobalSection(SolutionConfigurationPlatforms) = preSolution
		Debug|Any CPU = Debug|Any CPU
		Release|Any CPU = Release|Any CPU
	EndGlobalSection
	GlobalSection(ProjectConfigurationPlatforms) = postSolution
		{B8092B23-9DA4-40DD-8831-4D942442C782}.Debug|Any CPU.ActiveCfg = Debug|Any CPU
		{B8092B23-9DA4-40DD-8831-4D942442C782}.Debug|Any CPU.Build.0 = Debug|Any CPU
		{B8092B23-9DA4-40DD-8831-4D942442C782}.Release|Any CPU.ActiveCfg = Release|Any CPU
		{B8092B23-9DA4-40DD-8831-4D942442C782}.Release|Any CPU.Build.0 = Release|Any CPU
	EndGlobalSection
	GlobalSection(SolutionProperties) = preSolution
		HideSolutionNode = FALSE
	EndGlobalSection
	GlobalSection(ExtensibilityGlobals) = postSolution
		SolutionGuid = {38669AA8-56AB-4BF6-B70E-3979EB2141E5}
	EndGlobalSection
EndGlobal
